
Microsoft Visual Studio Solution File, Format Version 12.00
# Visual Studio 15
VisualStudioVersion = 15.0.28307.168
MinimumVisualStudioVersion = 10.0.40219.1
Project("{FAE04EC0-301F-11D3-BF4B-00C04F79EFBC}") = "TestNetAPI", "TestNetAPI\TestNetAPI.csproj", "{D6B5892E-D228-464A-ABF6-AE9BC552E614}"
EndProject
Global
	GlobalSection(SolutionConfigurationPlatforms) = preSolution
		Debug|Any CPU = Debug|Any CPU
		Release|Any CPU = Release|Any CPU
	EndGlobalSection
	GlobalSection(ProjectConfigurationPlatforms) = postSolution
		{D6B5892E-D228-464A-ABF6-AE9BC552E614}.Debug|Any CPU.ActiveCfg = Debug|Any CPU
		{D6B5892E-D228-464A-ABF6-AE9BC552E614}.Debug|Any CPU.Build.0 = Debug|Any CPU
		{D6B5892E-D228-464A-ABF6-AE9BC552E614}.Release|Any CPU.ActiveCfg = Release|Any CPU
		{D6B5892E-D228-464A-ABF6-AE9BC552E614}.Release|Any CPU.Build.0 = Release|Any CPU
	EndGlobalSection
	GlobalSection(SolutionProperties) = preSolution
		HideSolutionNode = FALSE
	EndGlobalSection
	GlobalSection(ExtensibilityGlobals) = postSolution
		SolutionGuid = {AF655841-6307-42C8-A06A-89FA59664C20}
	EndGlobalSection
EndGlobal
